// !$*UTF8*$!
{
	archiveVersion = 1;
	classes = {
	};
	objectVersion = 46;
	objects = {

/* Begin PBXBuildFile section */
		5F01B6201DE9FA2A00DCF698 /* LaunchScreen.storyboard in Resources */ = {isa = PBXBuildFile; fileRef = 5F01B61E1DE9FA2A00DCF698 /* LaunchScreen.storyboard */; };
		5F01B6211DE9FA2A00DCF698 /* Main.storyboard in Resources */ = {isa = PBXBuildFile; fileRef = 5F01B61F1DE9FA2A00DCF698 /* Main.storyboard */; };
		5F01B6231DE9FAA000DCF698 /* StoryboardTests.swift in Sources */ = {isa = PBXBuildFile; fileRef = 5F01B6221DE9FAA000DCF698 /* StoryboardTests.swift */; };
		5F02544E1DE23E6C0011F10A /* KeychainAccessible.swift in Sources */ = {isa = PBXBuildFile; fileRef = 5F02544D1DE23E6C0011F10A /* KeychainAccessible.swift */; };
		5F0644831DF4E0DA00C475D8 /* ToDoUITests.swift in Sources */ = {isa = PBXBuildFile; fileRef = 5F0644821DF4E0DA00C475D8 /* ToDoUITests.swift */; };
		5F20CEA51D883C2D00A157A9 /* ItemListViewControllerTests.swift in Sources */ = {isa = PBXBuildFile; fileRef = 5F20CEA41D883C2D00A157A9 /* ItemListViewControllerTests.swift */; };
		5F20CEA81D883D1D00A157A9 /* ItemListViewController.swift in Sources */ = {isa = PBXBuildFile; fileRef = 5F20CEA71D883D1D00A157A9 /* ItemListViewController.swift */; };
		5F68ADF31D748F8500F62643 /* LocationTests.swift in Sources */ = {isa = PBXBuildFile; fileRef = 5F68ADF21D748F8500F62643 /* LocationTests.swift */; };
		5F68ADF51D74932700F62643 /* ToDoItemTests.swift in Sources */ = {isa = PBXBuildFile; fileRef = 5F68ADF41D74932700F62643 /* ToDoItemTests.swift */; };
		5F7FCE321D98B5D70080824B /* ItemListDataProvider.swift in Sources */ = {isa = PBXBuildFile; fileRef = 5F7FCE311D98B5D70080824B /* ItemListDataProvider.swift */; };
		5F7FCE341D98BB9E0080824B /* ItemListDataProviderTests.swift in Sources */ = {isa = PBXBuildFile; fileRef = 5F7FCE331D98BB9E0080824B /* ItemListDataProviderTests.swift */; };
		5F86FCCA1DBD8A5E00A2E705 /* ItemCell.swift in Sources */ = {isa = PBXBuildFile; fileRef = 5F86FCC91DBD8A5E00A2E705 /* ItemCell.swift */; };
		5F9EE1E21DD8EB0B00FAE108 /* APIClientTests.swift in Sources */ = {isa = PBXBuildFile; fileRef = 5F9EE1E11DD8EB0B00FAE108 /* APIClientTests.swift */; };
		5F9EE1E41DD8EB5900FAE108 /* APIClient.swift in Sources */ = {isa = PBXBuildFile; fileRef = 5F9EE1E31DD8EB5900FAE108 /* APIClient.swift */; };
		5FB1F5881DD4C223007B0039 /* InputViewController.swift in Sources */ = {isa = PBXBuildFile; fileRef = 5FB1F5871DD4C223007B0039 /* InputViewController.swift */; };
		5FB1F58A1DD4C250007B0039 /* InputViewControllerTests.swift in Sources */ = {isa = PBXBuildFile; fileRef = 5FB1F5891DD4C250007B0039 /* InputViewControllerTests.swift */; };
		5FDC1C9B1D79AE24000EF150 /* ItemManagerTests.swift in Sources */ = {isa = PBXBuildFile; fileRef = 5FDC1C9A1D79AE24000EF150 /* ItemManagerTests.swift */; };
		5FDC1C9D1D79AF36000EF150 /* ItemManager.swift in Sources */ = {isa = PBXBuildFile; fileRef = 5FDC1C9C1D79AF36000EF150 /* ItemManager.swift */; };
		5FE7F9B21D74739E00A2E4E6 /* AppDelegate.swift in Sources */ = {isa = PBXBuildFile; fileRef = 5FE7F9B11D74739E00A2E4E6 /* AppDelegate.swift */; };
		5FE7F9B91D74739E00A2E4E6 /* Assets.xcassets in Resources */ = {isa = PBXBuildFile; fileRef = 5FE7F9B81D74739E00A2E4E6 /* Assets.xcassets */; };
		5FE7F9D21D74817A00A2E4E6 /* ToDoItem.swift in Sources */ = {isa = PBXBuildFile; fileRef = 5FE7F9D11D74817A00A2E4E6 /* ToDoItem.swift */; };
		5FE7F9D51D748C5900A2E4E6 /* Location.swift in Sources */ = {isa = PBXBuildFile; fileRef = 5FE7F9D41D748C5900A2E4E6 /* Location.swift */; };
		5FEDE43C1DC694920039D870 /* ItemCellTests.swift in Sources */ = {isa = PBXBuildFile; fileRef = 5FEDE43B1DC694920039D870 /* ItemCellTests.swift */; };
		5FFAE2371DCFBD6A00C098F1 /* DetailViewControllerTests.swift in Sources */ = {isa = PBXBuildFile; fileRef = 5FFAE2361DCFBD6A00C098F1 /* DetailViewControllerTests.swift */; };
		5FFAE2391DCFBE1700C098F1 /* DetailViewController.swift in Sources */ = {isa = PBXBuildFile; fileRef = 5FFAE2381DCFBE1700C098F1 /* DetailViewController.swift */; };
		5FFAE23C1DCFC1AA00C098F1 /* MapKit.framework in Frameworks */ = {isa = PBXBuildFile; fileRef = 5FFAE23B1DCFC1AA00C098F1 /* MapKit.framework */; };
/* End PBXBuildFile section */

/* Begin PBXContainerItemProxy section */
		5F0644851DF4E0DA00C475D8 /* PBXContainerItemProxy */ = {
			isa = PBXContainerItemProxy;
			containerPortal = 5FE7F9A61D74739E00A2E4E6 /* Project object */;
			proxyType = 1;
			remoteGlobalIDString = 5FE7F9AD1D74739E00A2E4E6;
			remoteInfo = ToDo;
		};
		5FE7F9C31D74739E00A2E4E6 /* PBXContainerItemProxy */ = {
			isa = PBXContainerItemProxy;
			containerPortal = 5FE7F9A61D74739E00A2E4E6 /* Project object */;
			proxyType = 1;
			remoteGlobalIDString = 5FE7F9AD1D74739E00A2E4E6;
			remoteInfo = ToDo;
		};
/* End PBXContainerItemProxy section */

/* Begin PBXFileReference section */
		5F01B61E1DE9FA2A00DCF698 /* LaunchScreen.storyboard */ = {isa = PBXFileReference; fileEncoding = 4; lastKnownFileType = file.storyboard; name = LaunchScreen.storyboard; path = Storyboards/LaunchScreen.storyboard; sourceTree = "<group>"; };
		5F01B61F1DE9FA2A00DCF698 /* Main.storyboard */ = {isa = PBXFileReference; fileEncoding = 4; lastKnownFileType = file.storyboard; name = Main.storyboard; path = Storyboards/Main.storyboard; sourceTree = "<group>"; };
		5F01B6221DE9FAA000DCF698 /* StoryboardTests.swift */ = {isa = PBXFileReference; fileEncoding = 4; lastKnownFileType = sourcecode.swift; name = StoryboardTests.swift; path = Storyboards/StoryboardTests.swift; sourceTree = "<group>"; };
		5F02544D1DE23E6C0011F10A /* KeychainAccessible.swift */ = {isa = PBXFileReference; fileEncoding = 4; lastKnownFileType = sourcecode.swift; name = KeychainAccessible.swift; path = Keychain/KeychainAccessible.swift; sourceTree = "<group>"; };
		5F0644801DF4E0D900C475D8 /* ToDoUITests.xctest */ = {isa = PBXFileReference; explicitFileType = wrapper.cfbundle; includeInIndex = 0; path = ToDoUITests.xctest; sourceTree = BUILT_PRODUCTS_DIR; };
		5F0644821DF4E0DA00C475D8 /* ToDoUITests.swift */ = {isa = PBXFileReference; lastKnownFileType = sourcecode.swift; path = ToDoUITests.swift; sourceTree = "<group>"; };
		5F0644841DF4E0DA00C475D8 /* Info.plist */ = {isa = PBXFileReference; lastKnownFileType = text.plist.xml; path = Info.plist; sourceTree = "<group>"; };
		5F20CEA41D883C2D00A157A9 /* ItemListViewControllerTests.swift */ = {isa = PBXFileReference; fileEncoding = 4; lastKnownFileType = sourcecode.swift; name = ItemListViewControllerTests.swift; path = Controller/ItemListViewControllerTests.swift; sourceTree = "<group>"; };
		5F20CEA71D883D1D00A157A9 /* ItemListViewController.swift */ = {isa = PBXFileReference; fileEncoding = 4; lastKnownFileType = sourcecode.swift; name = ItemListViewController.swift; path = Controller/ItemListViewController.swift; sourceTree = "<group>"; };
		5F68ADF21D748F8500F62643 /* LocationTests.swift */ = {isa = PBXFileReference; fileEncoding = 4; lastKnownFileType = sourcecode.swift; name = LocationTests.swift; path = ToDo/Model/LocationTests.swift; sourceTree = SOURCE_ROOT; };
		5F68ADF41D74932700F62643 /* ToDoItemTests.swift */ = {isa = PBXFileReference; fileEncoding = 4; lastKnownFileType = sourcecode.swift; name = ToDoItemTests.swift; path = ToDo/Model/ToDoItemTests.swift; sourceTree = SOURCE_ROOT; };
		5F7FCE311D98B5D70080824B /* ItemListDataProvider.swift */ = {isa = PBXFileReference; fileEncoding = 4; lastKnownFileType = sourcecode.swift; name = ItemListDataProvider.swift; path = Controller/ItemListDataProvider.swift; sourceTree = "<group>"; };
		5F7FCE331D98BB9E0080824B /* ItemListDataProviderTests.swift */ = {isa = PBXFileReference; fileEncoding = 4; lastKnownFileType = sourcecode.swift; name = ItemListDataProviderTests.swift; path = Controller/ItemListDataProviderTests.swift; sourceTree = "<group>"; };
		5F86FCC91DBD8A5E00A2E705 /* ItemCell.swift */ = {isa = PBXFileReference; fileEncoding = 4; lastKnownFileType = sourcecode.swift; name = ItemCell.swift; path = Controller/ItemCell.swift; sourceTree = "<group>"; };
		5F9EE1E11DD8EB0B00FAE108 /* APIClientTests.swift */ = {isa = PBXFileReference; fileEncoding = 4; lastKnownFileType = sourcecode.swift; name = APIClientTests.swift; path = ToDo/Networking/APIClientTests.swift; sourceTree = SOURCE_ROOT; };
		5F9EE1E31DD8EB5900FAE108 /* APIClient.swift */ = {isa = PBXFileReference; fileEncoding = 4; lastKnownFileType = sourcecode.swift; name = APIClient.swift; path = Networking/APIClient.swift; sourceTree = "<group>"; };
		5FB1F5871DD4C223007B0039 /* InputViewController.swift */ = {isa = PBXFileReference; fileEncoding = 4; lastKnownFileType = sourcecode.swift; name = InputViewController.swift; path = Controller/InputViewController.swift; sourceTree = "<group>"; };
		5FB1F5891DD4C250007B0039 /* InputViewControllerTests.swift */ = {isa = PBXFileReference; fileEncoding = 4; lastKnownFileType = sourcecode.swift; name = InputViewControllerTests.swift; path = ToDo/Controller/InputViewControllerTests.swift; sourceTree = SOURCE_ROOT; };
		5FDC1C9A1D79AE24000EF150 /* ItemManagerTests.swift */ = {isa = PBXFileReference; fileEncoding = 4; lastKnownFileType = sourcecode.swift; name = ItemManagerTests.swift; path = ToDo/Model/ItemManagerTests.swift; sourceTree = SOURCE_ROOT; };
		5FDC1C9C1D79AF36000EF150 /* ItemManager.swift */ = {isa = PBXFileReference; fileEncoding = 4; lastKnownFileType = sourcecode.swift; name = ItemManager.swift; path = Model/ItemManager.swift; sourceTree = "<group>"; };
		5FE7F9AE1D74739E00A2E4E6 /* ToDo.app */ = {isa = PBXFileReference; explicitFileType = wrapper.application; includeInIndex = 0; path = ToDo.app; sourceTree = BUILT_PRODUCTS_DIR; };
		5FE7F9B11D74739E00A2E4E6 /* AppDelegate.swift */ = {isa = PBXFileReference; lastKnownFileType = sourcecode.swift; path = AppDelegate.swift; sourceTree = "<group>"; };
		5FE7F9B81D74739E00A2E4E6 /* Assets.xcassets */ = {isa = PBXFileReference; lastKnownFileType = folder.assetcatalog; path = Assets.xcassets; sourceTree = "<group>"; };
		5FE7F9BD1D74739E00A2E4E6 /* Info.plist */ = {isa = PBXFileReference; lastKnownFileType = text.plist.xml; path = Info.plist; sourceTree = "<group>"; };
		5FE7F9C21D74739E00A2E4E6 /* ToDoTests.xctest */ = {isa = PBXFileReference; explicitFileType = wrapper.cfbundle; includeInIndex = 0; path = ToDoTests.xctest; sourceTree = BUILT_PRODUCTS_DIR; };
		5FE7F9C81D74739E00A2E4E6 /* Info.plist */ = {isa = PBXFileReference; lastKnownFileType = text.plist.xml; path = Info.plist; sourceTree = "<group>"; };
		5FE7F9D11D74817A00A2E4E6 /* ToDoItem.swift */ = {isa = PBXFileReference; fileEncoding = 4; lastKnownFileType = sourcecode.swift; name = ToDoItem.swift; path = Model/ToDoItem.swift; sourceTree = "<group>"; };
		5FE7F9D41D748C5900A2E4E6 /* Location.swift */ = {isa = PBXFileReference; fileEncoding = 4; lastKnownFileType = sourcecode.swift; name = Location.swift; path = Model/Location.swift; sourceTree = "<group>"; };
		5FEDE43B1DC694920039D870 /* ItemCellTests.swift */ = {isa = PBXFileReference; fileEncoding = 4; lastKnownFileType = sourcecode.swift; name = ItemCellTests.swift; path = ../ToDo/Controller/ItemCellTests.swift; sourceTree = "<group>"; };
		5FFAE2361DCFBD6A00C098F1 /* DetailViewControllerTests.swift */ = {isa = PBXFileReference; fileEncoding = 4; lastKnownFileType = sourcecode.swift; name = DetailViewControllerTests.swift; path = ToDo/Controller/DetailViewControllerTests.swift; sourceTree = SOURCE_ROOT; };
		5FFAE2381DCFBE1700C098F1 /* DetailViewController.swift */ = {isa = PBXFileReference; fileEncoding = 4; lastKnownFileType = sourcecode.swift; name = DetailViewController.swift; path = Controller/DetailViewController.swift; sourceTree = "<group>"; };
		5FFAE23B1DCFC1AA00C098F1 /* MapKit.framework */ = {isa = PBXFileReference; lastKnownFileType = wrapper.framework; name = MapKit.framework; path = System/Library/Frameworks/MapKit.framework; sourceTree = SDKROOT; };
/* End PBXFileReference section */

/* Begin PBXFrameworksBuildPhase section */
		5F06447D1DF4E0D900C475D8 /* Frameworks */ = {
			isa = PBXFrameworksBuildPhase;
			buildActionMask = 2147483647;
			files = (
			);
			runOnlyForDeploymentPostprocessing = 0;
		};
		5FE7F9AB1D74739E00A2E4E6 /* Frameworks */ = {
			isa = PBXFrameworksBuildPhase;
			buildActionMask = 2147483647;
			files = (
				5FFAE23C1DCFC1AA00C098F1 /* MapKit.framework in Frameworks */,
			);
			runOnlyForDeploymentPostprocessing = 0;
		};
		5FE7F9BF1D74739E00A2E4E6 /* Frameworks */ = {
			isa = PBXFrameworksBuildPhase;
			buildActionMask = 2147483647;
			files = (
			);
			runOnlyForDeploymentPostprocessing = 0;
		};
/* End PBXFrameworksBuildPhase section */

/* Begin PBXGroup section */
		5F01B61D1DE9F86800DCF698 /* Storyboards */ = {
			isa = PBXGroup;
			children = (
				5F01B61E1DE9FA2A00DCF698 /* LaunchScreen.storyboard */,
				5F01B61F1DE9FA2A00DCF698 /* Main.storyboard */,
				5F01B6221DE9FAA000DCF698 /* StoryboardTests.swift */,
			);
			name = Storyboards;
			sourceTree = "<group>";
		};
		5F02544F1DE23E760011F10A /* Keychain */ = {
			isa = PBXGroup;
			children = (
				5F02544D1DE23E6C0011F10A /* KeychainAccessible.swift */,
			);
			name = Keychain;
			sourceTree = "<group>";
		};
		5F0644811DF4E0DA00C475D8 /* ToDoUITests */ = {
			isa = PBXGroup;
			children = (
				5F0644821DF4E0DA00C475D8 /* ToDoUITests.swift */,
				5F0644841DF4E0DA00C475D8 /* Info.plist */,
			);
			path = ToDoUITests;
			sourceTree = "<group>";
		};
		5F20CEA31D883B8D00A157A9 /* Model */ = {
			isa = PBXGroup;
			children = (
				5F68ADF41D74932700F62643 /* ToDoItemTests.swift */,
				5F68ADF21D748F8500F62643 /* LocationTests.swift */,
				5FDC1C9A1D79AE24000EF150 /* ItemManagerTests.swift */,
			);
			name = Model;
			sourceTree = "<group>";
		};
		5F20CEA61D883C3E00A157A9 /* Controller */ = {
			isa = PBXGroup;
			children = (
				5F20CEA41D883C2D00A157A9 /* ItemListViewControllerTests.swift */,
				5F7FCE331D98BB9E0080824B /* ItemListDataProviderTests.swift */,
				5FEDE43B1DC694920039D870 /* ItemCellTests.swift */,
				5FFAE2361DCFBD6A00C098F1 /* DetailViewControllerTests.swift */,
				5FB1F5891DD4C250007B0039 /* InputViewControllerTests.swift */,
			);
			name = Controller;
			sourceTree = "<group>";
		};
		5F20CEA91D883D4400A157A9 /* Controller */ = {
			isa = PBXGroup;
			children = (
				5F20CEA71D883D1D00A157A9 /* ItemListViewController.swift */,
				5F7FCE311D98B5D70080824B /* ItemListDataProvider.swift */,
				5F86FCC91DBD8A5E00A2E705 /* ItemCell.swift */,
				5FFAE2381DCFBE1700C098F1 /* DetailViewController.swift */,
				5FB1F5871DD4C223007B0039 /* InputViewController.swift */,
			);
			name = Controller;
			sourceTree = "<group>";
		};
		5F9EE1DF1DD8EAB400FAE108 /* Networking */ = {
			isa = PBXGroup;
			children = (
				5F9EE1E11DD8EB0B00FAE108 /* APIClientTests.swift */,
			);
			name = Networking;
			sourceTree = "<group>";
		};
		5F9EE1E01DD8EAC900FAE108 /* Networking */ = {
			isa = PBXGroup;
			children = (
				5F9EE1E31DD8EB5900FAE108 /* APIClient.swift */,
			);
			name = Networking;
			sourceTree = "<group>";
		};
		5FE7F9A51D74739E00A2E4E6 = {
			isa = PBXGroup;
			children = (
				5FE7F9B01D74739E00A2E4E6 /* ToDo */,
				5FE7F9C51D74739E00A2E4E6 /* ToDoTests */,
				5F0644811DF4E0DA00C475D8 /* ToDoUITests */,
				5FE7F9AF1D74739E00A2E4E6 /* Products */,
				5FFAE23A1DCFC1AA00C098F1 /* Frameworks */,
			);
			sourceTree = "<group>";
		};
		5FE7F9AF1D74739E00A2E4E6 /* Products */ = {
			isa = PBXGroup;
			children = (
				5FE7F9AE1D74739E00A2E4E6 /* ToDo.app */,
				5FE7F9C21D74739E00A2E4E6 /* ToDoTests.xctest */,
				5F0644801DF4E0D900C475D8 /* ToDoUITests.xctest */,
			);
			name = Products;
			sourceTree = "<group>";
		};
		5FE7F9B01D74739E00A2E4E6 /* ToDo */ = {
			isa = PBXGroup;
			children = (
				5FE7F9B11D74739E00A2E4E6 /* AppDelegate.swift */,
				5F01B61D1DE9F86800DCF698 /* Storyboards */,
				5FE7F9B81D74739E00A2E4E6 /* Assets.xcassets */,
				5FE7F9BD1D74739E00A2E4E6 /* Info.plist */,
				5FE7F9D31D74818A00A2E4E6 /* Model */,
				5F20CEA91D883D4400A157A9 /* Controller */,
				5F9EE1E01DD8EAC900FAE108 /* Networking */,
				5F02544F1DE23E760011F10A /* Keychain */,
			);
			path = ToDo;
			sourceTree = "<group>";
		};
		5FE7F9C51D74739E00A2E4E6 /* ToDoTests */ = {
			isa = PBXGroup;
			children = (
				5F20CEA31D883B8D00A157A9 /* Model */,
				5FE7F9C81D74739E00A2E4E6 /* Info.plist */,
				5F20CEA61D883C3E00A157A9 /* Controller */,
				5F9EE1DF1DD8EAB400FAE108 /* Networking */,
			);
			path = ToDoTests;
			sourceTree = "<group>";
		};
		5FE7F9D31D74818A00A2E4E6 /* Model */ = {
			isa = PBXGroup;
			children = (
				5FE7F9D11D74817A00A2E4E6 /* ToDoItem.swift */,
				5FE7F9D41D748C5900A2E4E6 /* Location.swift */,
				5FDC1C9C1D79AF36000EF150 /* ItemManager.swift */,
			);
			name = Model;
			sourceTree = "<group>";
		};
		5FFAE23A1DCFC1AA00C098F1 /* Frameworks */ = {
			isa = PBXGroup;
			children = (
				5FFAE23B1DCFC1AA00C098F1 /* MapKit.framework */,
			);
			name = Frameworks;
			sourceTree = "<group>";
		};
/* End PBXGroup section */

/* Begin PBXNativeTarget section */
		5F06447F1DF4E0D900C475D8 /* ToDoUITests */ = {
			isa = PBXNativeTarget;
			buildConfigurationList = 5F0644891DF4E0DA00C475D8 /* Build configuration list for PBXNativeTarget "ToDoUITests" */;
			buildPhases = (
				5F06447C1DF4E0D900C475D8 /* Sources */,
				5F06447D1DF4E0D900C475D8 /* Frameworks */,
				5F06447E1DF4E0D900C475D8 /* Resources */,
			);
			buildRules = (
			);
			dependencies = (
				5F0644861DF4E0DA00C475D8 /* PBXTargetDependency */,
			);
			name = ToDoUITests;
			productName = ToDoUITests;
			productReference = 5F0644801DF4E0D900C475D8 /* ToDoUITests.xctest */;
			productType = "com.apple.product-type.bundle.ui-testing";
		};
		5FE7F9AD1D74739E00A2E4E6 /* ToDo */ = {
			isa = PBXNativeTarget;
			buildConfigurationList = 5FE7F9CB1D74739E00A2E4E6 /* Build configuration list for PBXNativeTarget "ToDo" */;
			buildPhases = (
				5FE7F9AA1D74739E00A2E4E6 /* Sources */,
				5FE7F9AB1D74739E00A2E4E6 /* Frameworks */,
				5FE7F9AC1D74739E00A2E4E6 /* Resources */,
				5FCEDCDF1DED120D000E39A0 /* ShellScript */,
			);
			buildRules = (
			);
			dependencies = (
			);
			name = ToDo;
			productName = ToDo;
			productReference = 5FE7F9AE1D74739E00A2E4E6 /* ToDo.app */;
			productType = "com.apple.product-type.application";
		};
		5FE7F9C11D74739E00A2E4E6 /* ToDoTests */ = {
			isa = PBXNativeTarget;
			buildConfigurationList = 5FE7F9CE1D74739E00A2E4E6 /* Build configuration list for PBXNativeTarget "ToDoTests" */;
			buildPhases = (
				5FE7F9BE1D74739E00A2E4E6 /* Sources */,
				5FE7F9BF1D74739E00A2E4E6 /* Frameworks */,
				5FE7F9C01D74739E00A2E4E6 /* Resources */,
				5FCEDCE01DED13B6000E39A0 /* ShellScript */,
			);
			buildRules = (
			);
			dependencies = (
				5FE7F9C41D74739E00A2E4E6 /* PBXTargetDependency */,
			);
			name = ToDoTests;
			productName = ToDoTests;
			productReference = 5FE7F9C21D74739E00A2E4E6 /* ToDoTests.xctest */;
			productType = "com.apple.product-type.bundle.unit-test";
		};
/* End PBXNativeTarget section */

/* Begin PBXProject section */
		5FE7F9A61D74739E00A2E4E6 /* Project object */ = {
			isa = PBXProject;
			attributes = {
				LastSwiftUpdateCheck = 0810;
				LastUpgradeCheck = 0800;
				ORGANIZATIONNAME = nick_skmbo;
				TargetAttributes = {
					5F06447F1DF4E0D900C475D8 = {
						CreatedOnToolsVersion = 8.1;
						DevelopmentTeam = 8LNBS8RWHW;
						ProvisioningStyle = Automatic;
						TestTargetID = 5FE7F9AD1D74739E00A2E4E6;
					};
					5FE7F9AD1D74739E00A2E4E6 = {
						CreatedOnToolsVersion = 7.3.1;
						LastSwiftMigration = 0800;
						SystemCapabilities = {
							com.apple.Maps.iOS = {
								enabled = 1;
							};
						};
					};
					5FE7F9C11D74739E00A2E4E6 = {
						CreatedOnToolsVersion = 7.3.1;
						LastSwiftMigration = 0800;
						TestTargetID = 5FE7F9AD1D74739E00A2E4E6;
					};
				};
			};
			buildConfigurationList = 5FE7F9A91D74739E00A2E4E6 /* Build configuration list for PBXProject "ToDo" */;
			compatibilityVersion = "Xcode 3.2";
			developmentRegion = English;
			hasScannedForEncodings = 0;
			knownRegions = (
				en,
				Base,
			);
			mainGroup = 5FE7F9A51D74739E00A2E4E6;
			productRefGroup = 5FE7F9AF1D74739E00A2E4E6 /* Products */;
			projectDirPath = "";
			projectRoot = "";
			targets = (
				5FE7F9AD1D74739E00A2E4E6 /* ToDo */,
				5FE7F9C11D74739E00A2E4E6 /* ToDoTests */,
				5F06447F1DF4E0D900C475D8 /* ToDoUITests */,
			);
		};
/* End PBXProject section */

/* Begin PBXResourcesBuildPhase section */
		5F06447E1DF4E0D900C475D8 /* Resources */ = {
			isa = PBXResourcesBuildPhase;
			buildActionMask = 2147483647;
			files = (
			);
			runOnlyForDeploymentPostprocessing = 0;
		};
		5FE7F9AC1D74739E00A2E4E6 /* Resources */ = {
			isa = PBXResourcesBuildPhase;
			buildActionMask = 2147483647;
			files = (
				5F01B6211DE9FA2A00DCF698 /* Main.storyboard in Resources */,
				5FE7F9B91D74739E00A2E4E6 /* Assets.xcassets in Resources */,
				5F01B6201DE9FA2A00DCF698 /* LaunchScreen.storyboard in Resources */,
			);
			runOnlyForDeploymentPostprocessing = 0;
		};
		5FE7F9C01D74739E00A2E4E6 /* Resources */ = {
			isa = PBXResourcesBuildPhase;
			buildActionMask = 2147483647;
			files = (
			);
			runOnlyForDeploymentPostprocessing = 0;
		};
/* End PBXResourcesBuildPhase section */

/* Begin PBXShellScriptBuildPhase section */
		5FCEDCDF1DED120D000E39A0 /* ShellScript */ = {
			isa = PBXShellScriptBuildPhase;
			buildActionMask = 2147483647;
			files = (
			);
			inputPaths = (
			);
			outputPaths = (
			);
			runOnlyForDeploymentPostprocessing = 0;
			shellPath = /bin/sh;
			shellScript = "TAGS=\"TODO:|FIXME:\"\nfind \"${SRCROOT}\" \\( -name \"*.h\" -or -name \"*.m\" -or -name \"*.swift\" \\) -print0 | xargs -0 egrep --with-filename --line-number --only-matching \"($TAGS).*\\$\" | perl -p -e \"s/($TAGS)/ warning: \\$1/\"";
		};
		5FCEDCE01DED13B6000E39A0 /* ShellScript */ = {
			isa = PBXShellScriptBuildPhase;
			buildActionMask = 2147483647;
			files = (
			);
			inputPaths = (
			);
			outputPaths = (
			);
			runOnlyForDeploymentPostprocessing = 0;
			shellPath = /bin/sh;
			shellScript = "TAGS=\"TODO:|FIXME:\"\nfind \"${SRCROOT}\" \\( -name \"*.h\" -or -name \"*.m\" -or -name \"*.swift\" \\) -print0 | xargs -0 egrep --with-filename --line-number --only-matching \"($TAGS).*\\$\" | perl -p -e \"s/($TAGS)/ warning: \\$1/\"";
		};
/* End PBXShellScriptBuildPhase section */

/* Begin PBXSourcesBuildPhase section */
		5F06447C1DF4E0D900C475D8 /* Sources */ = {
			isa = PBXSourcesBuildPhase;
			buildActionMask = 2147483647;
			files = (
				5F0644831DF4E0DA00C475D8 /* ToDoUITests.swift in Sources */,
			);
			runOnlyForDeploymentPostprocessing = 0;
		};
		5FE7F9AA1D74739E00A2E4E6 /* Sources */ = {
			isa = PBXSourcesBuildPhase;
			buildActionMask = 2147483647;
			files = (
				5FB1F5881DD4C223007B0039 /* InputViewController.swift in Sources */,
				5FDC1C9D1D79AF36000EF150 /* ItemManager.swift in Sources */,
				5F02544E1DE23E6C0011F10A /* KeychainAccessible.swift in Sources */,
				5F7FCE321D98B5D70080824B /* ItemListDataProvider.swift in Sources */,
				5F9EE1E41DD8EB5900FAE108 /* APIClient.swift in Sources */,
				5FE7F9B21D74739E00A2E4E6 /* AppDelegate.swift in Sources */,
				5FE7F9D51D748C5900A2E4E6 /* Location.swift in Sources */,
				5F86FCCA1DBD8A5E00A2E705 /* ItemCell.swift in Sources */,
				5FE7F9D21D74817A00A2E4E6 /* ToDoItem.swift in Sources */,
				5F20CEA81D883D1D00A157A9 /* ItemListViewController.swift in Sources */,
				5FFAE2391DCFBE1700C098F1 /* DetailViewController.swift in Sources */,
			);
			runOnlyForDeploymentPostprocessing = 0;
		};
		5FE7F9BE1D74739E00A2E4E6 /* Sources */ = {
			isa = PBXSourcesBuildPhase;
			buildActionMask = 2147483647;
			files = (
				5FEDE43C1DC694920039D870 /* ItemCellTests.swift in Sources */,
				5F7FCE341D98BB9E0080824B /* ItemListDataProviderTests.swift in Sources */,
				5FDC1C9B1D79AE24000EF150 /* ItemManagerTests.swift in Sources */,
				5FB1F58A1DD4C250007B0039 /* InputViewControllerTests.swift in Sources */,
				5F68ADF51D74932700F62643 /* ToDoItemTests.swift in Sources */,
				5FFAE2371DCFBD6A00C098F1 /* DetailViewControllerTests.swift in Sources */,
				5F01B6231DE9FAA000DCF698 /* StoryboardTests.swift in Sources */,
				5F9EE1E21DD8EB0B00FAE108 /* APIClientTests.swift in Sources */,
				5F68ADF31D748F8500F62643 /* LocationTests.swift in Sources */,
				5F20CEA51D883C2D00A157A9 /* ItemListViewControllerTests.swift in Sources */,
			);
			runOnlyForDeploymentPostprocessing = 0;
		};
/* End PBXSourcesBuildPhase section */

/* Begin PBXTargetDependency section */
		5F0644861DF4E0DA00C475D8 /* PBXTargetDependency */ = {
			isa = PBXTargetDependency;
			target = 5FE7F9AD1D74739E00A2E4E6 /* ToDo */;
			targetProxy = 5F0644851DF4E0DA00C475D8 /* PBXContainerItemProxy */;
		};
		5FE7F9C41D74739E00A2E4E6 /* PBXTargetDependency */ = {
			isa = PBXTargetDependency;
			target = 5FE7F9AD1D74739E00A2E4E6 /* ToDo */;
			targetProxy = 5FE7F9C31D74739E00A2E4E6 /* PBXContainerItemProxy */;
		};
/* End PBXTargetDependency section */

/* Begin XCBuildConfiguration section */
		5F0644871DF4E0DA00C475D8 /* Debug */ = {
			isa = XCBuildConfiguration;
			buildSettings = {
				CLANG_WARN_DOCUMENTATION_COMMENTS = YES;
				CLANG_WARN_SUSPICIOUS_MOVES = YES;
				DEVELOPMENT_TEAM = 8LNBS8RWHW;
				INFOPLIST_FILE = ToDoUITests/Info.plist;
				IPHONEOS_DEPLOYMENT_TARGET = 10.1;
				LD_RUNPATH_SEARCH_PATHS = "$(inherited) @executable_path/Frameworks @loader_path/Frameworks";
				PRODUCT_BUNDLE_IDENTIFIER = "io.nick-skmbo..ToDoUITests";
				PRODUCT_NAME = "$(TARGET_NAME)";
				SWIFT_ACTIVE_COMPILATION_CONDITIONS = DEBUG;
				SWIFT_VERSION = 3.0;
				TEST_TARGET_NAME = ToDo;
			};
			name = Debug;
		};
		5F0644881DF4E0DA00C475D8 /* Release */ = {
			isa = XCBuildConfiguration;
			buildSettings = {
				CLANG_WARN_DOCUMENTATION_COMMENTS = YES;
				CLANG_WARN_SUSPICIOUS_MOVES = YES;
				DEVELOPMENT_TEAM = 8LNBS8RWHW;
				INFOPLIST_FILE = ToDoUITests/Info.plist;
				IPHONEOS_DEPLOYMENT_TARGET = 10.1;
				LD_RUNPATH_SEARCH_PATHS = "$(inherited) @executable_path/Frameworks @loader_path/Frameworks";
				PRODUCT_BUNDLE_IDENTIFIER = "io.nick-skmbo..ToDoUITests";
				PRODUCT_NAME = "$(TARGET_NAME)";
				SWIFT_VERSION = 3.0;
				TEST_TARGET_NAME = ToDo;
			};
			name = Release;
		};
		5FE7F9C91D74739E00A2E4E6 /* Debug */ = {
			isa = XCBuildConfiguration;
			buildSettings = {
				ALWAYS_SEARCH_USER_PATHS = NO;
				CLANG_ANALYZER_NONNULL = YES;
				CLANG_CXX_LANGUAGE_STANDARD = "gnu++0x";
				CLANG_CXX_LIBRARY = "libc++";
				CLANG_ENABLE_MODULES = YES;
				CLANG_ENABLE_OBJC_ARC = YES;
				CLANG_WARN_BOOL_CONVERSION = YES;
				CLANG_WARN_CONSTANT_CONVERSION = YES;
				CLANG_WARN_DIRECT_OBJC_ISA_USAGE = YES_ERROR;
				CLANG_WARN_EMPTY_BODY = YES;
				CLANG_WARN_ENUM_CONVERSION = YES;
				CLANG_WARN_INFINITE_RECURSION = YES;
				CLANG_WARN_INT_CONVERSION = YES;
				CLANG_WARN_OBJC_ROOT_CLASS = YES_ERROR;
				CLANG_WARN_SUSPICIOUS_MOVE = YES;
				CLANG_WARN_UNREACHABLE_CODE = YES;
				CLANG_WARN__DUPLICATE_METHOD_MATCH = YES;
				"CODE_SIGN_IDENTITY[sdk=iphoneos*]" = "iPhone Developer";
				COPY_PHASE_STRIP = NO;
				DEBUG_INFORMATION_FORMAT = dwarf;
				ENABLE_STRICT_OBJC_MSGSEND = YES;
				ENABLE_TESTABILITY = YES;
				GCC_C_LANGUAGE_STANDARD = gnu99;
				GCC_DYNAMIC_NO_PIC = NO;
				GCC_NO_COMMON_BLOCKS = YES;
				GCC_OPTIMIZATION_LEVEL = 0;
				GCC_PREPROCESSOR_DEFINITIONS = (
					"DEBUG=1",
					"$(inherited)",
				);
				GCC_WARN_64_TO_32_BIT_CONVERSION = YES;
				GCC_WARN_ABOUT_RETURN_TYPE = YES_ERROR;
				GCC_WARN_UNDECLARED_SELECTOR = YES;
				GCC_WARN_UNINITIALIZED_AUTOS = YES_AGGRESSIVE;
				GCC_WARN_UNUSED_FUNCTION = YES;
				GCC_WARN_UNUSED_VARIABLE = YES;
				IPHONEOS_DEPLOYMENT_TARGET = 9.3;
				MTL_ENABLE_DEBUG_INFO = YES;
				ONLY_ACTIVE_ARCH = YES;
				SDKROOT = iphoneos;
				SWIFT_OPTIMIZATION_LEVEL = "-Onone";
				TARGETED_DEVICE_FAMILY = "1,2";
			};
			name = Debug;
		};
		5FE7F9CA1D74739E00A2E4E6 /* Release */ = {
			isa = XCBuildConfiguration;
			buildSettings = {
				ALWAYS_SEARCH_USER_PATHS = NO;
				CLANG_ANALYZER_NONNULL = YES;
				CLANG_CXX_LANGUAGE_STANDARD = "gnu++0x";
				CLANG_CXX_LIBRARY = "libc++";
				CLANG_ENABLE_MODULES = YES;
				CLANG_ENABLE_OBJC_ARC = YES;
				CLANG_WARN_BOOL_CONVERSION = YES;
				CLANG_WARN_CONSTANT_CONVERSION = YES;
				CLANG_WARN_DIRECT_OBJC_ISA_USAGE = YES_ERROR;
				CLANG_WARN_EMPTY_BODY = YES;
				CLANG_WARN_ENUM_CONVERSION = YES;
				CLANG_WARN_INFINITE_RECURSION = YES;
				CLANG_WARN_INT_CONVERSION = YES;
				CLANG_WARN_OBJC_ROOT_CLASS = YES_ERROR;
				CLANG_WARN_SUSPICIOUS_MOVE = YES;
				CLANG_WARN_UNREACHABLE_CODE = YES;
				CLANG_WARN__DUPLICATE_METHOD_MATCH = YES;
				"CODE_SIGN_IDENTITY[sdk=iphoneos*]" = "iPhone Developer";
				COPY_PHASE_STRIP = NO;
				DEBUG_INFORMATION_FORMAT = "dwarf-with-dsym";
				ENABLE_NS_ASSERTIONS = NO;
				ENABLE_STRICT_OBJC_MSGSEND = YES;
				GCC_C_LANGUAGE_STANDARD = gnu99;
				GCC_NO_COMMON_BLOCKS = YES;
				GCC_WARN_64_TO_32_BIT_CONVERSION = YES;
				GCC_WARN_ABOUT_RETURN_TYPE = YES_ERROR;
				GCC_WARN_UNDECLARED_SELECTOR = YES;
				GCC_WARN_UNINITIALIZED_AUTOS = YES_AGGRESSIVE;
				GCC_WARN_UNUSED_FUNCTION = YES;
				GCC_WARN_UNUSED_VARIABLE = YES;
				IPHONEOS_DEPLOYMENT_TARGET = 9.3;
				MTL_ENABLE_DEBUG_INFO = NO;
				SDKROOT = iphoneos;
				SWIFT_OPTIMIZATION_LEVEL = "-Owholemodule";
				TARGETED_DEVICE_FAMILY = "1,2";
				VALIDATE_PRODUCT = YES;
			};
			name = Release;
		};
		5FE7F9CC1D74739E00A2E4E6 /* Debug */ = {
			isa = XCBuildConfiguration;
			buildSettings = {
				ASSETCATALOG_COMPILER_APPICON_NAME = AppIcon;
				INFOPLIST_FILE = ToDo/Info.plist;
				LD_RUNPATH_SEARCH_PATHS = "$(inherited) @executable_path/Frameworks";
				PRODUCT_BUNDLE_IDENTIFIER = "io.nick-skmbo.ToDo";
				PRODUCT_NAME = "$(TARGET_NAME)";
				SWIFT_VERSION = 3.0;
				TARGETED_DEVICE_FAMILY = 1;
			};
			name = Debug;
		};
		5FE7F9CD1D74739E00A2E4E6 /* Release */ = {
			isa = XCBuildConfiguration;
			buildSettings = {
				ASSETCATALOG_COMPILER_APPICON_NAME = AppIcon;
				INFOPLIST_FILE = ToDo/Info.plist;
				LD_RUNPATH_SEARCH_PATHS = "$(inherited) @executable_path/Frameworks";
				PRODUCT_BUNDLE_IDENTIFIER = "io.nick-skmbo.ToDo";
				PRODUCT_NAME = "$(TARGET_NAME)";
				SWIFT_VERSION = 3.0;
				TARGETED_DEVICE_FAMILY = 1;
			};
			name = Release;
		};
		5FE7F9CF1D74739E00A2E4E6 /* Debug */ = {
			isa = XCBuildConfiguration;
			buildSettings = {
				BUNDLE_LOADER = "$(TEST_HOST)";
				INFOPLIST_FILE = ToDoTests/Info.plist;
				LD_RUNPATH_SEARCH_PATHS = "$(inherited) @executable_path/Frameworks @loader_path/Frameworks";
				PRODUCT_BUNDLE_IDENTIFIER = "io.nick-skmbo.ToDoTests";
				PRODUCT_NAME = "$(TARGET_NAME)";
				SWIFT_VERSION = 3.0;
				TEST_HOST = "$(BUILT_PRODUCTS_DIR)/ToDo.app/ToDo";
			};
			name = Debug;
		};
		5FE7F9D01D74739E00A2E4E6 /* Release */ = {
			isa = XCBuildConfiguration;
			buildSettings = {
				BUNDLE_LOADER = "$(TEST_HOST)";
				INFOPLIST_FILE = ToDoTests/Info.plist;
				LD_RUNPATH_SEARCH_PATHS = "$(inherited) @executable_path/Frameworks @loader_path/Frameworks";
				PRODUCT_BUNDLE_IDENTIFIER = "io.nick-skmbo.ToDoTests";
				PRODUCT_NAME = "$(TARGET_NAME)";
				SWIFT_VERSION = 3.0;
				TEST_HOST = "$(BUILT_PRODUCTS_DIR)/ToDo.app/ToDo";
			};
			name = Release;
		};
/* End XCBuildConfiguration section */

/* Begin XCConfigurationList section */
		5F0644891DF4E0DA00C475D8 /* Build configuration list for PBXNativeTarget "ToDoUITests" */ = {
			isa = XCConfigurationList;
			buildConfigurations = (
				5F0644871DF4E0DA00C475D8 /* Debug */,
				5F0644881DF4E0DA00C475D8 /* Release */,
			);
			defaultConfigurationIsVisible = 0;
		};
		5FE7F9A91D74739E00A2E4E6 /* Build configuration list for PBXProject "ToDo" */ = {
			isa = XCConfigurationList;
			buildConfigurations = (
				5FE7F9C91D74739E00A2E4E6 /* Debug */,
				5FE7F9CA1D74739E00A2E4E6 /* Release */,
			);
			defaultConfigurationIsVisible = 0;
			defaultConfigurationName = Release;
		};
		5FE7F9CB1D74739E00A2E4E6 /* Build configuration list for PBXNativeTarget "ToDo" */ = {
			isa = XCConfigurationList;
			buildConfigurations = (
				5FE7F9CC1D74739E00A2E4E6 /* Debug */,
				5FE7F9CD1D74739E00A2E4E6 /* Release */,
			);
			defaultConfigurationIsVisible = 0;
			defaultConfigurationName = Release;
		};
		5FE7F9CE1D74739E00A2E4E6 /* Build configuration list for PBXNativeTarget "ToDoTests" */ = {
			isa = XCConfigurationList;
			buildConfigurations = (
				5FE7F9CF1D74739E00A2E4E6 /* Debug */,
				5FE7F9D01D74739E00A2E4E6 /* Release */,
			);
			defaultConfigurationIsVisible = 0;
			defaultConfigurationName = Release;
		};
/* End XCConfigurationList section */
	};
	rootObject = 5FE7F9A61D74739E00A2E4E6 /* Project object */;
}
